
Microsoft Visual Studio Solution File, Format Version 12.00
# Visual Studio Version 17
VisualStudioVersion = 17.4.33213.308
MinimumVisualStudioVersion = 10.0.40219.1
Project("{F184B08F-C81C-45F6-A57F-5ABD9991F28F}") = "Activity_4", "Activity_4\Activity_4.vbproj", "{2566557B-2D45-4270-B4B0-6B2A941AC76F}"
EndProject
Global
	GlobalSection(SolutionConfigurationPlatforms) = preSolution
		Debug|Any CPU = Debug|Any CPU
		Release|Any CPU = Release|Any CPU
	EndGlobalSection
	GlobalSection(ProjectConfigurationPlatforms) = postSolution
		{2566557B-2D45-4270-B4B0-6B2A941AC76F}.Debug|Any CPU.ActiveCfg = Debug|Any CPU
		{2566557B-2D45-4270-B4B0-6B2A941AC76F}.Debug|Any CPU.Build.0 = Debug|Any CPU
		{2566557B-2D45-4270-B4B0-6B2A941AC76F}.Release|Any CPU.ActiveCfg = Release|Any CPU
		{2566557B-2D45-4270-B4B0-6B2A941AC76F}.Release|Any CPU.Build.0 = Release|Any CPU
	EndGlobalSection
	GlobalSection(SolutionProperties) = preSolution
		HideSolutionNode = FALSE
	EndGlobalSection
	GlobalSection(ExtensibilityGlobals) = postSolution
		SolutionGuid = {B24D7FBF-9100-4D17-8B90-B6111E27A932}
	EndGlobalSection
EndGlobal
